// !$*UTF8*$!
{
	archiveVersion = 1;
	classes = {
	};
	objectVersion = 46;
	objects = {

/* Begin PBXBuildFile section */
		8F3C32FC1CD08916003D93B2 /* AppDelegate.swift in Sources */ = {isa = PBXBuildFile; fileRef = 8F3C32FB1CD08916003D93B2 /* AppDelegate.swift */; };
		8F3C33041CD08916003D93B2 /* Example_Swift.xcdatamodeld in Sources */ = {isa = PBXBuildFile; fileRef = 8F3C33021CD08916003D93B2 /* Example_Swift.xcdatamodeld */; };
		8F3C33061CD08916003D93B2 /* Assets.xcassets in Resources */ = {isa = PBXBuildFile; fileRef = 8F3C33051CD08916003D93B2 /* Assets.xcassets */; };
		8F3C33091CD08916003D93B2 /* LaunchScreen.storyboard in Resources */ = {isa = PBXBuildFile; fileRef = 8F3C33071CD08916003D93B2 /* LaunchScreen.storyboard */; };
		8F3C33141CD08916003D93B2 /* Example_SwiftTests.swift in Sources */ = {isa = PBXBuildFile; fileRef = 8F3C33131CD08916003D93B2 /* Example_SwiftTests.swift */; };
		8F3C331F1CD08916003D93B2 /* Example_SwiftUITests.swift in Sources */ = {isa = PBXBuildFile; fileRef = 8F3C331E1CD08916003D93B2 /* Example_SwiftUITests.swift */; };
		8F3C332F1CD08C1F003D93B2 /* Vc_main.swift in Sources */ = {isa = PBXBuildFile; fileRef = 8F3C332D1CD08C1F003D93B2 /* Vc_main.swift */; };
		8F3C33301CD08C1F003D93B2 /* Vc_main.xib in Resources */ = {isa = PBXBuildFile; fileRef = 8F3C332E1CD08C1F003D93B2 /* Vc_main.xib */; };
		8F3C33331CD08CF1003D93B2 /* Method.swift in Sources */ = {isa = PBXBuildFile; fileRef = 8F3C33321CD08CF1003D93B2 /* Method.swift */; };
		8F3C33371CD08E44003D93B2 /* Cell_main.swift in Sources */ = {isa = PBXBuildFile; fileRef = 8F3C33351CD08E44003D93B2 /* Cell_main.swift */; };
		8F3C33381CD08E44003D93B2 /* Cell_main.xib in Resources */ = {isa = PBXBuildFile; fileRef = 8F3C33361CD08E44003D93B2 /* Cell_main.xib */; };
		8F3C333C1CD0905A003D93B2 /* Vc_fileReference.swift in Sources */ = {isa = PBXBuildFile; fileRef = 8F3C333A1CD0905A003D93B2 /* Vc_fileReference.swift */; };
		8F3C333D1CD0905A003D93B2 /* Vc_fileReference.xib in Resources */ = {isa = PBXBuildFile; fileRef = 8F3C333B1CD0905A003D93B2 /* Vc_fileReference.xib */; };
		8F3C33401CD098F6003D93B2 /* korea_actor_suji.jpg in Resources */ = {isa = PBXBuildFile; fileRef = 8F3C333F1CD098F6003D93B2 /* korea_actor_suji.jpg */; };
		8F4E99321CE70D4F007118C6 /* Vc_TTS.swift in Sources */ = {isa = PBXBuildFile; fileRef = 8F4E99301CE70D4F007118C6 /* Vc_TTS.swift */; };
		8F4E99331CE70D4F007118C6 /* Vc_TTS.xib in Resources */ = {isa = PBXBuildFile; fileRef = 8F4E99311CE70D4F007118C6 /* Vc_TTS.xib */; };
/* End PBXBuildFile section */

/* Begin PBXContainerItemProxy section */
		8F3C33101CD08916003D93B2 /* PBXContainerItemProxy */ = {
			isa = PBXContainerItemProxy;
			containerPortal = 8F3C32F01CD08916003D93B2 /* Project object */;
			proxyType = 1;
			remoteGlobalIDString = 8F3C32F71CD08916003D93B2;
			remoteInfo = "Example-Swift";
		};
		8F3C331B1CD08916003D93B2 /* PBXContainerItemProxy */ = {
			isa = PBXContainerItemProxy;
			containerPortal = 8F3C32F01CD08916003D93B2 /* Project object */;
			proxyType = 1;
			remoteGlobalIDString = 8F3C32F71CD08916003D93B2;
			remoteInfo = "Example-Swift";
		};
/* End PBXContainerItemProxy section */

/* Begin PBXFileReference section */
		8F3C32F81CD08916003D93B2 /* Example-Swift.app */ = {isa = PBXFileReference; explicitFileType = wrapper.application; includeInIndex = 0; path = "Example-Swift.app"; sourceTree = BUILT_PRODUCTS_DIR; };
		8F3C32FB1CD08916003D93B2 /* AppDelegate.swift */ = {isa = PBXFileReference; lastKnownFileType = sourcecode.swift; path = AppDelegate.swift; sourceTree = "<group>"; };
		8F3C33031CD08916003D93B2 /* Example_Swift.xcdatamodel */ = {isa = PBXFileReference; lastKnownFileType = wrapper.xcdatamodel; path = Example_Swift.xcdatamodel; sourceTree = "<group>"; };
		8F3C33051CD08916003D93B2 /* Assets.xcassets */ = {isa = PBXFileReference; lastKnownFileType = folder.assetcatalog; path = Assets.xcassets; sourceTree = "<group>"; };
		8F3C33081CD08916003D93B2 /* Base */ = {isa = PBXFileReference; lastKnownFileType = file.storyboard; name = Base; path = Base.lproj/LaunchScreen.storyboard; sourceTree = "<group>"; };
		8F3C330A1CD08916003D93B2 /* Info.plist */ = {isa = PBXFileReference; lastKnownFileType = text.plist.xml; path = Info.plist; sourceTree = "<group>"; };
		8F3C330F1CD08916003D93B2 /* Example-SwiftTests.xctest */ = {isa = PBXFileReference; explicitFileType = wrapper.cfbundle; includeInIndex = 0; path = "Example-SwiftTests.xctest"; sourceTree = BUILT_PRODUCTS_DIR; };
		8F3C33131CD08916003D93B2 /* Example_SwiftTests.swift */ = {isa = PBXFileReference; lastKnownFileType = sourcecode.swift; path = Example_SwiftTests.swift; sourceTree = "<group>"; };
		8F3C33151CD08916003D93B2 /* Info.plist */ = {isa = PBXFileReference; lastKnownFileType = text.plist.xml; path = Info.plist; sourceTree = "<group>"; };
		8F3C331A1CD08916003D93B2 /* Example-SwiftUITests.xctest */ = {isa = PBXFileReference; explicitFileType = wrapper.cfbundle; includeInIndex = 0; path = "Example-SwiftUITests.xctest"; sourceTree = BUILT_PRODUCTS_DIR; };
		8F3C331E1CD08916003D93B2 /* Example_SwiftUITests.swift */ = {isa = PBXFileReference; lastKnownFileType = sourcecode.swift; path = Example_SwiftUITests.swift; sourceTree = "<group>"; };
		8F3C33201CD08916003D93B2 /* Info.plist */ = {isa = PBXFileReference; lastKnownFileType = text.plist.xml; path = Info.plist; sourceTree = "<group>"; };
		8F3C332D1CD08C1F003D93B2 /* Vc_main.swift */ = {isa = PBXFileReference; fileEncoding = 4; lastKnownFileType = sourcecode.swift; name = Vc_main.swift; path = Vc_main/Vc_main.swift; sourceTree = "<group>"; };
		8F3C332E1CD08C1F003D93B2 /* Vc_main.xib */ = {isa = PBXFileReference; fileEncoding = 4; lastKnownFileType = file.xib; name = Vc_main.xib; path = Vc_main/Vc_main.xib; sourceTree = "<group>"; };
		8F3C33321CD08CF1003D93B2 /* Method.swift */ = {isa = PBXFileReference; fileEncoding = 4; lastKnownFileType = sourcecode.swift; name = Method.swift; path = method/Method.swift; sourceTree = "<group>"; };
		8F3C33351CD08E44003D93B2 /* Cell_main.swift */ = {isa = PBXFileReference; fileEncoding = 4; lastKnownFileType = sourcecode.swift; name = Cell_main.swift; path = Vc_main/Cell_main/Cell_main.swift; sourceTree = "<group>"; };
		8F3C33361CD08E44003D93B2 /* Cell_main.xib */ = {isa = PBXFileReference; fileEncoding = 4; lastKnownFileType = file.xib; name = Cell_main.xib; path = Vc_main/Cell_main/Cell_main.xib; sourceTree = "<group>"; };
		8F3C333A1CD0905A003D93B2 /* Vc_fileReference.swift */ = {isa = PBXFileReference; fileEncoding = 4; lastKnownFileType = sourcecode.swift; name = Vc_fileReference.swift; path = Vc_fileReference/Vc_fileReference.swift; sourceTree = "<group>"; };
		8F3C333B1CD0905A003D93B2 /* Vc_fileReference.xib */ = {isa = PBXFileReference; fileEncoding = 4; lastKnownFileType = file.xib; name = Vc_fileReference.xib; path = Vc_fileReference/Vc_fileReference.xib; sourceTree = "<group>"; };
		8F3C333F1CD098F6003D93B2 /* korea_actor_suji.jpg */ = {isa = PBXFileReference; lastKnownFileType = image.jpeg; name = korea_actor_suji.jpg; path = Test_Image/korea_actor_suji.jpg; sourceTree = "<group>"; };
		8F4E99301CE70D4F007118C6 /* Vc_TTS.swift */ = {isa = PBXFileReference; fileEncoding = 4; lastKnownFileType = sourcecode.swift; name = Vc_TTS.swift; path = Vc_TTS/Vc_TTS.swift; sourceTree = "<group>"; };
		8F4E99311CE70D4F007118C6 /* Vc_TTS.xib */ = {isa = PBXFileReference; fileEncoding = 4; lastKnownFileType = file.xib; name = Vc_TTS.xib; path = Vc_TTS/Vc_TTS.xib; sourceTree = "<group>"; };
/* End PBXFileReference section */

/* Begin PBXFrameworksBuildPhase section */
		8F3C32F51CD08916003D93B2 /* Frameworks */ = {
			isa = PBXFrameworksBuildPhase;
			buildActionMask = 2147483647;
			files = (
			);
			runOnlyForDeploymentPostprocessing = 0;
		};
		8F3C330C1CD08916003D93B2 /* Frameworks */ = {
			isa = PBXFrameworksBuildPhase;
			buildActionMask = 2147483647;
			files = (
			);
			runOnlyForDeploymentPostprocessing = 0;
		};
		8F3C33171CD08916003D93B2 /* Frameworks */ = {
			isa = PBXFrameworksBuildPhase;
			buildActionMask = 2147483647;
			files = (
			);
			runOnlyForDeploymentPostprocessing = 0;
		};
/* End PBXFrameworksBuildPhase section */

/* Begin PBXGroup section */
		8F3C32EF1CD08916003D93B2 = {
			isa = PBXGroup;
			children = (
				8F3C32FA1CD08916003D93B2 /* Example-Swift */,
				8F3C33121CD08916003D93B2 /* Example-SwiftTests */,
				8F3C331D1CD08916003D93B2 /* Example-SwiftUITests */,
				8F3C32F91CD08916003D93B2 /* Products */,
			);
			sourceTree = "<group>";
		};
		8F3C32F91CD08916003D93B2 /* Products */ = {
			isa = PBXGroup;
			children = (
				8F3C32F81CD08916003D93B2 /* Example-Swift.app */,
				8F3C330F1CD08916003D93B2 /* Example-SwiftTests.xctest */,
				8F3C331A1CD08916003D93B2 /* Example-SwiftUITests.xctest */,
			);
			name = Products;
			sourceTree = "<group>";
		};
		8F3C32FA1CD08916003D93B2 /* Example-Swift */ = {
			isa = PBXGroup;
			children = (
				8F3C333E1CD0985A003D93B2 /* Test_Image */,
				8F3C33311CD08CDF003D93B2 /* method */,
				8F4E992F1CE70D2B007118C6 /* Vc_TTS */,
				8F3C33391CD09033003D93B2 /* Vc_fileReference */,
				8F3C332C1CD08C0E003D93B2 /* Vc_main */,
				8F3C32FB1CD08916003D93B2 /* AppDelegate.swift */,
				8F3C33051CD08916003D93B2 /* Assets.xcassets */,
				8F3C33071CD08916003D93B2 /* LaunchScreen.storyboard */,
				8F3C330A1CD08916003D93B2 /* Info.plist */,
				8F3C33021CD08916003D93B2 /* Example_Swift.xcdatamodeld */,
			);
			path = "Example-Swift";
			sourceTree = "<group>";
		};
		8F3C33121CD08916003D93B2 /* Example-SwiftTests */ = {
			isa = PBXGroup;
			children = (
				8F3C33131CD08916003D93B2 /* Example_SwiftTests.swift */,
				8F3C33151CD08916003D93B2 /* Info.plist */,
			);
			path = "Example-SwiftTests";
			sourceTree = "<group>";
		};
		8F3C331D1CD08916003D93B2 /* Example-SwiftUITests */ = {
			isa = PBXGroup;
			children = (
				8F3C331E1CD08916003D93B2 /* Example_SwiftUITests.swift */,
				8F3C33201CD08916003D93B2 /* Info.plist */,
			);
			path = "Example-SwiftUITests";
			sourceTree = "<group>";
		};
		8F3C332C1CD08C0E003D93B2 /* Vc_main */ = {
			isa = PBXGroup;
			children = (
				8F3C33341CD08E34003D93B2 /* Cell_main */,
				8F3C332D1CD08C1F003D93B2 /* Vc_main.swift */,
				8F3C332E1CD08C1F003D93B2 /* Vc_main.xib */,
			);
			name = Vc_main;
			sourceTree = "<group>";
		};
		8F3C33311CD08CDF003D93B2 /* method */ = {
			isa = PBXGroup;
			children = (
				8F3C33321CD08CF1003D93B2 /* Method.swift */,
			);
			name = method;
			sourceTree = "<group>";
		};
		8F3C33341CD08E34003D93B2 /* Cell_main */ = {
			isa = PBXGroup;
			children = (
				8F3C33351CD08E44003D93B2 /* Cell_main.swift */,
				8F3C33361CD08E44003D93B2 /* Cell_main.xib */,
			);
			name = Cell_main;
			sourceTree = "<group>";
		};
		8F3C33391CD09033003D93B2 /* Vc_fileReference */ = {
			isa = PBXGroup;
			children = (
				8F3C333A1CD0905A003D93B2 /* Vc_fileReference.swift */,
				8F3C333B1CD0905A003D93B2 /* Vc_fileReference.xib */,
			);
			name = Vc_fileReference;
			sourceTree = "<group>";
		};
		8F3C333E1CD0985A003D93B2 /* Test_Image */ = {
			isa = PBXGroup;
			children = (
				8F3C333F1CD098F6003D93B2 /* korea_actor_suji.jpg */,
			);
			name = Test_Image;
			sourceTree = "<group>";
		};
		8F4E992F1CE70D2B007118C6 /* Vc_TTS */ = {
			isa = PBXGroup;
			children = (
				8F4E99301CE70D4F007118C6 /* Vc_TTS.swift */,
				8F4E99311CE70D4F007118C6 /* Vc_TTS.xib */,
			);
			name = Vc_TTS;
			sourceTree = "<group>";
		};
/* End PBXGroup section */

/* Begin PBXNativeTarget section */
		8F3C32F71CD08916003D93B2 /* Example-Swift */ = {
			isa = PBXNativeTarget;
			buildConfigurationList = 8F3C33231CD08916003D93B2 /* Build configuration list for PBXNativeTarget "Example-Swift" */;
			buildPhases = (
				8F3C32F41CD08916003D93B2 /* Sources */,
				8F3C32F51CD08916003D93B2 /* Frameworks */,
				8F3C32F61CD08916003D93B2 /* Resources */,
			);
			buildRules = (
			);
			dependencies = (
			);
			name = "Example-Swift";
			productName = "Example-Swift";
			productReference = 8F3C32F81CD08916003D93B2 /* Example-Swift.app */;
			productType = "com.apple.product-type.application";
		};
		8F3C330E1CD08916003D93B2 /* Example-SwiftTests */ = {
			isa = PBXNativeTarget;
			buildConfigurationList = 8F3C33261CD08916003D93B2 /* Build configuration list for PBXNativeTarget "Example-SwiftTests" */;
			buildPhases = (
				8F3C330B1CD08916003D93B2 /* Sources */,
				8F3C330C1CD08916003D93B2 /* Frameworks */,
				8F3C330D1CD08916003D93B2 /* Resources */,
			);
			buildRules = (
			);
			dependencies = (
				8F3C33111CD08916003D93B2 /* PBXTargetDependency */,
			);
			name = "Example-SwiftTests";
			productName = "Example-SwiftTests";
			productReference = 8F3C330F1CD08916003D93B2 /* Example-SwiftTests.xctest */;
			productType = "com.apple.product-type.bundle.unit-test";
		};
		8F3C33191CD08916003D93B2 /* Example-SwiftUITests */ = {
			isa = PBXNativeTarget;
			buildConfigurationList = 8F3C33291CD08916003D93B2 /* Build configuration list for PBXNativeTarget "Example-SwiftUITests" */;
			buildPhases = (
				8F3C33161CD08916003D93B2 /* Sources */,
				8F3C33171CD08916003D93B2 /* Frameworks */,
				8F3C33181CD08916003D93B2 /* Resources */,
			);
			buildRules = (
			);
			dependencies = (
				8F3C331C1CD08916003D93B2 /* PBXTargetDependency */,
			);
			name = "Example-SwiftUITests";
			productName = "Example-SwiftUITests";
			productReference = 8F3C331A1CD08916003D93B2 /* Example-SwiftUITests.xctest */;
			productType = "com.apple.product-type.bundle.ui-testing";
		};
/* End PBXNativeTarget section */

/* Begin PBXProject section */
		8F3C32F01CD08916003D93B2 /* Project object */ = {
			isa = PBXProject;
			attributes = {
				LastSwiftUpdateCheck = 0730;
				LastUpgradeCheck = 0800;
				ORGANIZATIONNAME = myoung;
				TargetAttributes = {
					8F3C32F71CD08916003D93B2 = {
						CreatedOnToolsVersion = 7.3;
						LastSwiftMigration = 0800;
					};
					8F3C330E1CD08916003D93B2 = {
						CreatedOnToolsVersion = 7.3;
						LastSwiftMigration = 0800;
						TestTargetID = 8F3C32F71CD08916003D93B2;
					};
					8F3C33191CD08916003D93B2 = {
						CreatedOnToolsVersion = 7.3;
						LastSwiftMigration = 0800;
						TestTargetID = 8F3C32F71CD08916003D93B2;
					};
				};
			};
			buildConfigurationList = 8F3C32F31CD08916003D93B2 /* Build configuration list for PBXProject "Example-Swift" */;
			compatibilityVersion = "Xcode 3.2";
			developmentRegion = English;
			hasScannedForEncodings = 0;
			knownRegions = (
				en,
				Base,
			);
			mainGroup = 8F3C32EF1CD08916003D93B2;
			productRefGroup = 8F3C32F91CD08916003D93B2 /* Products */;
			projectDirPath = "";
			projectRoot = "";
			targets = (
				8F3C32F71CD08916003D93B2 /* Example-Swift */,
				8F3C330E1CD08916003D93B2 /* Example-SwiftTests */,
				8F3C33191CD08916003D93B2 /* Example-SwiftUITests */,
			);
		};
/* End PBXProject section */

/* Begin PBXResourcesBuildPhase section */
		8F3C32F61CD08916003D93B2 /* Resources */ = {
			isa = PBXResourcesBuildPhase;
			buildActionMask = 2147483647;
			files = (
				8F4E99331CE70D4F007118C6 /* Vc_TTS.xib in Resources */,
				8F3C33091CD08916003D93B2 /* LaunchScreen.storyboard in Resources */,
				8F3C33401CD098F6003D93B2 /* korea_actor_suji.jpg in Resources */,
				8F3C33061CD08916003D93B2 /* Assets.xcassets in Resources */,
				8F3C33381CD08E44003D93B2 /* Cell_main.xib in Resources */,
				8F3C333D1CD0905A003D93B2 /* Vc_fileReference.xib in Resources */,
				8F3C33301CD08C1F003D93B2 /* Vc_main.xib in Resources */,
			);
			runOnlyForDeploymentPostprocessing = 0;
		};
		8F3C330D1CD08916003D93B2 /* Resources */ = {
			isa = PBXResourcesBuildPhase;
			buildActionMask = 2147483647;
			files = (
			);
			runOnlyForDeploymentPostprocessing = 0;
		};
		8F3C33181CD08916003D93B2 /* Resources */ = {
			isa = PBXResourcesBuildPhase;
			buildActionMask = 2147483647;
			files = (
			);
			runOnlyForDeploymentPostprocessing = 0;
		};
/* End PBXResourcesBuildPhase section */

/* Begin PBXSourcesBuildPhase section */
		8F3C32F41CD08916003D93B2 /* Sources */ = {
			isa = PBXSourcesBuildPhase;
			buildActionMask = 2147483647;
			files = (
				8F3C333C1CD0905A003D93B2 /* Vc_fileReference.swift in Sources */,
				8F4E99321CE70D4F007118C6 /* Vc_TTS.swift in Sources */,
				8F3C33371CD08E44003D93B2 /* Cell_main.swift in Sources */,
				8F3C33331CD08CF1003D93B2 /* Method.swift in Sources */,
				8F3C332F1CD08C1F003D93B2 /* Vc_main.swift in Sources */,
				8F3C32FC1CD08916003D93B2 /* AppDelegate.swift in Sources */,
				8F3C33041CD08916003D93B2 /* Example_Swift.xcdatamodeld in Sources */,
			);
			runOnlyForDeploymentPostprocessing = 0;
		};
		8F3C330B1CD08916003D93B2 /* Sources */ = {
			isa = PBXSourcesBuildPhase;
			buildActionMask = 2147483647;
			files = (
				8F3C33141CD08916003D93B2 /* Example_SwiftTests.swift in Sources */,
			);
			runOnlyForDeploymentPostprocessing = 0;
		};
		8F3C33161CD08916003D93B2 /* Sources */ = {
			isa = PBXSourcesBuildPhase;
			buildActionMask = 2147483647;
			files = (
				8F3C331F1CD08916003D93B2 /* Example_SwiftUITests.swift in Sources */,
			);
			runOnlyForDeploymentPostprocessing = 0;
		};
/* End PBXSourcesBuildPhase section */

/* Begin PBXTargetDependency section */
		8F3C33111CD08916003D93B2 /* PBXTargetDependency */ = {
			isa = PBXTargetDependency;
			target = 8F3C32F71CD08916003D93B2 /* Example-Swift */;
			targetProxy = 8F3C33101CD08916003D93B2 /* PBXContainerItemProxy */;
		};
		8F3C331C1CD08916003D93B2 /* PBXTargetDependency */ = {
			isa = PBXTargetDependency;
			target = 8F3C32F71CD08916003D93B2 /* Example-Swift */;
			targetProxy = 8F3C331B1CD08916003D93B2 /* PBXContainerItemProxy */;
		};
/* End PBXTargetDependency section */

/* Begin PBXVariantGroup section */
		8F3C33071CD08916003D93B2 /* LaunchScreen.storyboard */ = {
			isa = PBXVariantGroup;
			children = (
				8F3C33081CD08916003D93B2 /* Base */,
			);
			name = LaunchScreen.storyboard;
			sourceTree = "<group>";
		};
/* End PBXVariantGroup section */

/* Begin XCBuildConfiguration section */
		8F3C33211CD08916003D93B2 /* Debug */ = {
			isa = XCBuildConfiguration;
			buildSettings = {
				ALWAYS_SEARCH_USER_PATHS = NO;
				CLANG_ANALYZER_NONNULL = YES;
				CLANG_CXX_LANGUAGE_STANDARD = "gnu++0x";
				CLANG_CXX_LIBRARY = "libc++";
				CLANG_ENABLE_MODULES = YES;
				CLANG_ENABLE_OBJC_ARC = YES;
				CLANG_WARN_BOOL_CONVERSION = YES;
				CLANG_WARN_CONSTANT_CONVERSION = YES;
				CLANG_WARN_DIRECT_OBJC_ISA_USAGE = YES_ERROR;
				CLANG_WARN_EMPTY_BODY = YES;
				CLANG_WARN_ENUM_CONVERSION = YES;
				CLANG_WARN_INFINITE_RECURSION = YES;
				CLANG_WARN_INT_CONVERSION = YES;
				CLANG_WARN_OBJC_ROOT_CLASS = YES_ERROR;
				CLANG_WARN_SUSPICIOUS_MOVE = YES;
				CLANG_WARN_UNREACHABLE_CODE = YES;
				CLANG_WARN__DUPLICATE_METHOD_MATCH = YES;
				"CODE_SIGN_IDENTITY[sdk=iphoneos*]" = "iPhone Developer";
				COPY_PHASE_STRIP = NO;
				DEBUG_INFORMATION_FORMAT = dwarf;
				ENABLE_STRICT_OBJC_MSGSEND = YES;
				ENABLE_TESTABILITY = YES;
				GCC_C_LANGUAGE_STANDARD = gnu99;
				GCC_DYNAMIC_NO_PIC = NO;
				GCC_NO_COMMON_BLOCKS = YES;
				GCC_OPTIMIZATION_LEVEL = 0;
				GCC_PREPROCESSOR_DEFINITIONS = (
					"DEBUG=1",
					"$(inherited)",
				);
				GCC_WARN_64_TO_32_BIT_CONVERSION = YES;
				GCC_WARN_ABOUT_RETURN_TYPE = YES_ERROR;
				GCC_WARN_UNDECLARED_SELECTOR = YES;
				GCC_WARN_UNINITIALIZED_AUTOS = YES_AGGRESSIVE;
				GCC_WARN_UNUSED_FUNCTION = YES;
				GCC_WARN_UNUSED_VARIABLE = YES;
				IPHONEOS_DEPLOYMENT_TARGET = 9.3;
				MTL_ENABLE_DEBUG_INFO = YES;
				ONLY_ACTIVE_ARCH = YES;
				SDKROOT = iphoneos;
				SWIFT_OPTIMIZATION_LEVEL = "-Onone";
			};
			name = Debug;
		};
		8F3C33221CD08916003D93B2 /* Release */ = {
			isa = XCBuildConfiguration;
			buildSettings = {
				ALWAYS_SEARCH_USER_PATHS = NO;
				CLANG_ANALYZER_NONNULL = YES;
				CLANG_CXX_LANGUAGE_STANDARD = "gnu++0x";
				CLANG_CXX_LIBRARY = "libc++";
				CLANG_ENABLE_MODULES = YES;
				CLANG_ENABLE_OBJC_ARC = YES;
				CLANG_WARN_BOOL_CONVERSION = YES;
				CLANG_WARN_CONSTANT_CONVERSION = YES;
				CLANG_WARN_DIRECT_OBJC_ISA_USAGE = YES_ERROR;
				CLANG_WARN_EMPTY_BODY = YES;
				CLANG_WARN_ENUM_CONVERSION = YES;
				CLANG_WARN_INFINITE_RECURSION = YES;
				CLANG_WARN_INT_CONVERSION = YES;
				CLANG_WARN_OBJC_ROOT_CLASS = YES_ERROR;
				CLANG_WARN_SUSPICIOUS_MOVE = YES;
				CLANG_WARN_UNREACHABLE_CODE = YES;
				CLANG_WARN__DUPLICATE_METHOD_MATCH = YES;
				"CODE_SIGN_IDENTITY[sdk=iphoneos*]" = "iPhone Developer";
				COPY_PHASE_STRIP = NO;
				DEBUG_INFORMATION_FORMAT = "dwarf-with-dsym";
				ENABLE_NS_ASSERTIONS = NO;
				ENABLE_STRICT_OBJC_MSGSEND = YES;
				GCC_C_LANGUAGE_STANDARD = gnu99;
				GCC_NO_COMMON_BLOCKS = YES;
				GCC_WARN_64_TO_32_BIT_CONVERSION = YES;
				GCC_WARN_ABOUT_RETURN_TYPE = YES_ERROR;
				GCC_WARN_UNDECLARED_SELECTOR = YES;
				GCC_WARN_UNINITIALIZED_AUTOS = YES_AGGRESSIVE;
				GCC_WARN_UNUSED_FUNCTION = YES;
				GCC_WARN_UNUSED_VARIABLE = YES;
				IPHONEOS_DEPLOYMENT_TARGET = 9.3;
				MTL_ENABLE_DEBUG_INFO = NO;
				SDKROOT = iphoneos;
				SWIFT_OPTIMIZATION_LEVEL = "-Owholemodule";
				VALIDATE_PRODUCT = YES;
			};
			name = Release;
		};
		8F3C33241CD08916003D93B2 /* Debug */ = {
			isa = XCBuildConfiguration;
			buildSettings = {
				ASSETCATALOG_COMPILER_APPICON_NAME = AppIcon;
				INFOPLIST_FILE = "Example-Swift/Info.plist";
				LD_RUNPATH_SEARCH_PATHS = "$(inherited) @executable_path/Frameworks";
				PRODUCT_BUNDLE_IDENTIFIER = "kr.myoung.Example-Swift";
				PRODUCT_NAME = "$(TARGET_NAME)";
				SWIFT_VERSION = 3.0;
			};
			name = Debug;
		};
		8F3C33251CD08916003D93B2 /* Release */ = {
			isa = XCBuildConfiguration;
			buildSettings = {
				ASSETCATALOG_COMPILER_APPICON_NAME = AppIcon;
				INFOPLIST_FILE = "Example-Swift/Info.plist";
				LD_RUNPATH_SEARCH_PATHS = "$(inherited) @executable_path/Frameworks";
				PRODUCT_BUNDLE_IDENTIFIER = "kr.myoung.Example-Swift";
				PRODUCT_NAME = "$(TARGET_NAME)";
				SWIFT_VERSION = 3.0;
			};
			name = Release;
		};
		8F3C33271CD08916003D93B2 /* Debug */ = {
			isa = XCBuildConfiguration;
			buildSettings = {
				BUNDLE_LOADER = "$(TEST_HOST)";
				INFOPLIST_FILE = "Example-SwiftTests/Info.plist";
				LD_RUNPATH_SEARCH_PATHS = "$(inherited) @executable_path/Frameworks @loader_path/Frameworks";
				PRODUCT_BUNDLE_IDENTIFIER = "kr.myoung.Example-SwiftTests";
				PRODUCT_NAME = "$(TARGET_NAME)";
				SWIFT_VERSION = 3.0;
				TEST_HOST = "$(BUILT_PRODUCTS_DIR)/Example-Swift.app/Example-Swift";
			};
			name = Debug;
		};
		8F3C33281CD08916003D93B2 /* Release */ = {
			isa = XCBuildConfiguration;
			buildSettings = {
				BUNDLE_LOADER = "$(TEST_HOST)";
				INFOPLIST_FILE = "Example-SwiftTests/Info.plist";
				LD_RUNPATH_SEARCH_PATHS = "$(inherited) @executable_path/Frameworks @loader_path/Frameworks";
				PRODUCT_BUNDLE_IDENTIFIER = "kr.myoung.Example-SwiftTests";
				PRODUCT_NAME = "$(TARGET_NAME)";
				SWIFT_VERSION = 3.0;
				TEST_HOST = "$(BUILT_PRODUCTS_DIR)/Example-Swift.app/Example-Swift";
			};
			name = Release;
		};
		8F3C332A1CD08916003D93B2 /* Debug */ = {
			isa = XCBuildConfiguration;
			buildSettings = {
				INFOPLIST_FILE = "Example-SwiftUITests/Info.plist";
				LD_RUNPATH_SEARCH_PATHS = "$(inherited) @executable_path/Frameworks @loader_path/Frameworks";
				PRODUCT_BUNDLE_IDENTIFIER = "kr.myoung.Example-SwiftUITests";
				PRODUCT_NAME = "$(TARGET_NAME)";
				SWIFT_VERSION = 3.0;
				TEST_TARGET_NAME = "Example-Swift";
			};
			name = Debug;
		};
		8F3C332B1CD08916003D93B2 /* Release */ = {
			isa = XCBuildConfiguration;
			buildSettings = {
				INFOPLIST_FILE = "Example-SwiftUITests/Info.plist";
				LD_RUNPATH_SEARCH_PATHS = "$(inherited) @executable_path/Frameworks @loader_path/Frameworks";
				PRODUCT_BUNDLE_IDENTIFIER = "kr.myoung.Example-SwiftUITests";
				PRODUCT_NAME = "$(TARGET_NAME)";
				SWIFT_VERSION = 3.0;
				TEST_TARGET_NAME = "Example-Swift";
			};
			name = Release;
		};
/* End XCBuildConfiguration section */

/* Begin XCConfigurationList section */
		8F3C32F31CD08916003D93B2 /* Build configuration list for PBXProject "Example-Swift" */ = {
			isa = XCConfigurationList;
			buildConfigurations = (
				8F3C33211CD08916003D93B2 /* Debug */,
				8F3C33221CD08916003D93B2 /* Release */,
			);
			defaultConfigurationIsVisible = 0;
			defaultConfigurationName = Release;
		};
		8F3C33231CD08916003D93B2 /* Build configuration list for PBXNativeTarget "Example-Swift" */ = {
			isa = XCConfigurationList;
			buildConfigurations = (
				8F3C33241CD08916003D93B2 /* Debug */,
				8F3C33251CD08916003D93B2 /* Release */,
			);
			defaultConfigurationIsVisible = 0;
			defaultConfigurationName = Release;
		};
		8F3C33261CD08916003D93B2 /* Build configuration list for PBXNativeTarget "Example-SwiftTests" */ = {
			isa = XCConfigurationList;
			buildConfigurations = (
				8F3C33271CD08916003D93B2 /* Debug */,
				8F3C33281CD08916003D93B2 /* Release */,
			);
			defaultConfigurationIsVisible = 0;
			defaultConfigurationName = Release;
		};
		8F3C33291CD08916003D93B2 /* Build configuration list for PBXNativeTarget "Example-SwiftUITests" */ = {
			isa = XCConfigurationList;
			buildConfigurations = (
				8F3C332A1CD08916003D93B2 /* Debug */,
				8F3C332B1CD08916003D93B2 /* Release */,
			);
			defaultConfigurationIsVisible = 0;
			defaultConfigurationName = Release;
		};
/* End XCConfigurationList section */

/* Begin XCVersionGroup section */
		8F3C33021CD08916003D93B2 /* Example_Swift.xcdatamodeld */ = {
			isa = XCVersionGroup;
			children = (
				8F3C33031CD08916003D93B2 /* Example_Swift.xcdatamodel */,
			);
			currentVersion = 8F3C33031CD08916003D93B2 /* Example_Swift.xcdatamodel */;
			path = Example_Swift.xcdatamodeld;
			sourceTree = "<group>";
			versionGroupType = wrapper.xcdatamodel;
		};
/* End XCVersionGroup section */
	};
	rootObject = 8F3C32F01CD08916003D93B2 /* Project object */;
}
